// !$*UTF8*$!
{
	archiveVersion = 1;
	classes = {
	};
	objectVersion = 56;
	objects = {

/* Begin PBXBuildFile section */
		D5DFBB4829CF25C1009088A9 /* AppDelegate.swift in Sources */ = {isa = PBXBuildFile; fileRef = D5DFBB4729CF25C1009088A9 /* AppDelegate.swift */; };
		D5DFBB4A29CF25C1009088A9 /* SceneDelegate.swift in Sources */ = {isa = PBXBuildFile; fileRef = D5DFBB4929CF25C1009088A9 /* SceneDelegate.swift */; };
		D5DFBB4F29CF25C1009088A9 /* Main.storyboard in Resources */ = {isa = PBXBuildFile; fileRef = D5DFBB4D29CF25C1009088A9 /* Main.storyboard */; };
		D5DFBB5129CF25C2009088A9 /* Assets.xcassets in Resources */ = {isa = PBXBuildFile; fileRef = D5DFBB5029CF25C2009088A9 /* Assets.xcassets */; };
		D5DFBB5429CF25C2009088A9 /* LaunchScreen.storyboard in Resources */ = {isa = PBXBuildFile; fileRef = D5DFBB5229CF25C2009088A9 /* LaunchScreen.storyboard */; };
		D5DFBB6329CF270D009088A9 /* Rocket.swift in Sources */ = {isa = PBXBuildFile; fileRef = D5DFBB6229CF270D009088A9 /* Rocket.swift */; };
		D5DFBB6729CF273C009088A9 /* RocketNetWorkService.swift in Sources */ = {isa = PBXBuildFile; fileRef = D5DFBB6629CF273C009088A9 /* RocketNetWorkService.swift */; };
		D5DFBB6929CF2769009088A9 /* Setting.swift in Sources */ = {isa = PBXBuildFile; fileRef = D5DFBB6829CF2769009088A9 /* Setting.swift */; };
		D5DFBB6B29CF27C7009088A9 /* MainPageViewController.swift in Sources */ = {isa = PBXBuildFile; fileRef = D5DFBB6A29CF27C7009088A9 /* MainPageViewController.swift */; };
		D5DFBB6F29CF2811009088A9 /* Launch.swift in Sources */ = {isa = PBXBuildFile; fileRef = D5DFBB6E29CF2811009088A9 /* Launch.swift */; };
		D5DFBB7129CF300E009088A9 /* SettingsRepository.swift in Sources */ = {isa = PBXBuildFile; fileRef = D5DFBB7029CF300E009088A9 /* SettingsRepository.swift */; };
		D5DFBB7329CF40CA009088A9 /* RocketViewController.swift in Sources */ = {isa = PBXBuildFile; fileRef = D5DFBB7229CF40CA009088A9 /* RocketViewController.swift */; };
		D5DFBB7529CF5580009088A9 /* SettingsViewController.swift in Sources */ = {isa = PBXBuildFile; fileRef = D5DFBB7429CF5580009088A9 /* SettingsViewController.swift */; };
		D5DFBB7729CF5597009088A9 /* SettingsPresenter.swift in Sources */ = {isa = PBXBuildFile; fileRef = D5DFBB7629CF5597009088A9 /* SettingsPresenter.swift */; };
		D5DFBB7929CF601E009088A9 /* SettingTableViewCell.swift in Sources */ = {isa = PBXBuildFile; fileRef = D5DFBB7829CF601E009088A9 /* SettingTableViewCell.swift */; };
		D5DFBB7C29D1B28C009088A9 /* Reusable.swift in Sources */ = {isa = PBXBuildFile; fileRef = D5DFBB7B29D1B28C009088A9 /* Reusable.swift */; };
/* End PBXBuildFile section */

/* Begin PBXFileReference section */
		D5DFBB4429CF25C1009088A9 /* SpaceX_petProject.app */ = {isa = PBXFileReference; explicitFileType = wrapper.application; includeInIndex = 0; path = SpaceX_petProject.app; sourceTree = BUILT_PRODUCTS_DIR; };
		D5DFBB4729CF25C1009088A9 /* AppDelegate.swift */ = {isa = PBXFileReference; lastKnownFileType = sourcecode.swift; path = AppDelegate.swift; sourceTree = "<group>"; };
		D5DFBB4929CF25C1009088A9 /* SceneDelegate.swift */ = {isa = PBXFileReference; lastKnownFileType = sourcecode.swift; path = SceneDelegate.swift; sourceTree = "<group>"; };
		D5DFBB4E29CF25C1009088A9 /* Base */ = {isa = PBXFileReference; lastKnownFileType = file.storyboard; name = Base; path = Base.lproj/Main.storyboard; sourceTree = "<group>"; };
		D5DFBB5029CF25C2009088A9 /* Assets.xcassets */ = {isa = PBXFileReference; lastKnownFileType = folder.assetcatalog; path = Assets.xcassets; sourceTree = "<group>"; };
		D5DFBB5329CF25C2009088A9 /* Base */ = {isa = PBXFileReference; lastKnownFileType = file.storyboard; name = Base; path = Base.lproj/LaunchScreen.storyboard; sourceTree = "<group>"; };
		D5DFBB5529CF25C2009088A9 /* Info.plist */ = {isa = PBXFileReference; lastKnownFileType = text.plist.xml; path = Info.plist; sourceTree = "<group>"; };
		D5DFBB6229CF270D009088A9 /* Rocket.swift */ = {isa = PBXFileReference; lastKnownFileType = sourcecode.swift; path = Rocket.swift; sourceTree = "<group>"; };
		D5DFBB6629CF273C009088A9 /* RocketNetWorkService.swift */ = {isa = PBXFileReference; lastKnownFileType = sourcecode.swift; path = RocketNetWorkService.swift; sourceTree = "<group>"; };
		D5DFBB6829CF2769009088A9 /* Setting.swift */ = {isa = PBXFileReference; lastKnownFileType = sourcecode.swift; path = Setting.swift; sourceTree = "<group>"; };
		D5DFBB6A29CF27C7009088A9 /* MainPageViewController.swift */ = {isa = PBXFileReference; lastKnownFileType = sourcecode.swift; path = MainPageViewController.swift; sourceTree = "<group>"; };
		D5DFBB6E29CF2811009088A9 /* Launch.swift */ = {isa = PBXFileReference; lastKnownFileType = sourcecode.swift; path = Launch.swift; sourceTree = "<group>"; };
		D5DFBB7029CF300E009088A9 /* SettingsRepository.swift */ = {isa = PBXFileReference; lastKnownFileType = sourcecode.swift; path = SettingsRepository.swift; sourceTree = "<group>"; };
		D5DFBB7229CF40CA009088A9 /* RocketViewController.swift */ = {isa = PBXFileReference; lastKnownFileType = sourcecode.swift; path = RocketViewController.swift; sourceTree = "<group>"; };
		D5DFBB7429CF5580009088A9 /* SettingsViewController.swift */ = {isa = PBXFileReference; lastKnownFileType = sourcecode.swift; path = SettingsViewController.swift; sourceTree = "<group>"; };
		D5DFBB7629CF5597009088A9 /* SettingsPresenter.swift */ = {isa = PBXFileReference; lastKnownFileType = sourcecode.swift; path = SettingsPresenter.swift; sourceTree = "<group>"; };
		D5DFBB7829CF601E009088A9 /* SettingTableViewCell.swift */ = {isa = PBXFileReference; lastKnownFileType = sourcecode.swift; path = SettingTableViewCell.swift; sourceTree = "<group>"; };
		D5DFBB7B29D1B28C009088A9 /* Reusable.swift */ = {isa = PBXFileReference; lastKnownFileType = sourcecode.swift; path = Reusable.swift; sourceTree = "<group>"; };
/* End PBXFileReference section */

/* Begin PBXFrameworksBuildPhase section */
		D5DFBB4129CF25C1009088A9 /* Frameworks */ = {
			isa = PBXFrameworksBuildPhase;
			buildActionMask = 2147483647;
			files = (
			);
			runOnlyForDeploymentPostprocessing = 0;
		};
/* End PBXFrameworksBuildPhase section */

/* Begin PBXGroup section */
		D5DFBB3B29CF25C1009088A9 = {
			isa = PBXGroup;
			children = (
				D5DFBB4629CF25C1009088A9 /* SpaceX_petProject */,
				D5DFBB4529CF25C1009088A9 /* Products */,
			);
			sourceTree = "<group>";
		};
		D5DFBB4529CF25C1009088A9 /* Products */ = {
			isa = PBXGroup;
			children = (
				D5DFBB4429CF25C1009088A9 /* SpaceX_petProject.app */,
			);
			name = Products;
			sourceTree = "<group>";
		};
		D5DFBB4629CF25C1009088A9 /* SpaceX_petProject */ = {
			isa = PBXGroup;
			children = (
				D5DFBB7A29D1B1FD009088A9 /* Extension */,
				D5DFBB5B29CF2643009088A9 /* Service */,
				D5DFBB5D29CF269E009088A9 /* Module */,
				D5DFBB5C29CF264D009088A9 /* Model */,
				D5DFBB4729CF25C1009088A9 /* AppDelegate.swift */,
				D5DFBB4929CF25C1009088A9 /* SceneDelegate.swift */,
				D5DFBB4D29CF25C1009088A9 /* Main.storyboard */,
				D5DFBB5029CF25C2009088A9 /* Assets.xcassets */,
				D5DFBB5229CF25C2009088A9 /* LaunchScreen.storyboard */,
				D5DFBB5529CF25C2009088A9 /* Info.plist */,
			);
			path = SpaceX_petProject;
			sourceTree = "<group>";
		};
		D5DFBB5B29CF2643009088A9 /* Service */ = {
			isa = PBXGroup;
			children = (
				D5DFBB6629CF273C009088A9 /* RocketNetWorkService.swift */,
				D5DFBB7029CF300E009088A9 /* SettingsRepository.swift */,
			);
			path = Service;
			sourceTree = "<group>";
		};
		D5DFBB5C29CF264D009088A9 /* Model */ = {
			isa = PBXGroup;
			children = (
				D5DFBB6829CF2769009088A9 /* Setting.swift */,
				D5DFBB6E29CF2811009088A9 /* Launch.swift */,
				D5DFBB6229CF270D009088A9 /* Rocket.swift */,
			);
			path = Model;
			sourceTree = "<group>";
		};
		D5DFBB5D29CF269E009088A9 /* Module */ = {
			isa = PBXGroup;
			children = (
				D5DFBB6129CF26CC009088A9 /* Rocket */,
				D5DFBB6029CF26C5009088A9 /* Launch */,
				D5DFBB5F29CF26AE009088A9 /* Setting */,
				D5DFBB5E29CF26A6009088A9 /* Main */,
			);
			path = Module;
			sourceTree = "<group>";
		};
		D5DFBB5E29CF26A6009088A9 /* Main */ = {
			isa = PBXGroup;
			children = (
				D5DFBB6A29CF27C7009088A9 /* MainPageViewController.swift */,
			);
			path = Main;
			sourceTree = "<group>";
		};
		D5DFBB5F29CF26AE009088A9 /* Setting */ = {
			isa = PBXGroup;
			children = (
				D5DFBB7429CF5580009088A9 /* SettingsViewController.swift */,
				D5DFBB7629CF5597009088A9 /* SettingsPresenter.swift */,
				D5DFBB7829CF601E009088A9 /* SettingTableViewCell.swift */,
			);
			path = Setting;
			sourceTree = "<group>";
		};
		D5DFBB6029CF26C5009088A9 /* Launch */ = {
			isa = PBXGroup;
			children = (
			);
			path = Launch;
			sourceTree = "<group>";
		};
		D5DFBB6129CF26CC009088A9 /* Rocket */ = {
			isa = PBXGroup;
			children = (
				D5DFBB7229CF40CA009088A9 /* RocketViewController.swift */,
			);
			path = Rocket;
			sourceTree = "<group>";
		};
		D5DFBB7A29D1B1FD009088A9 /* Extension */ = {
			isa = PBXGroup;
			children = (
				D5DFBB7B29D1B28C009088A9 /* Reusable.swift */,
			);
			path = Extension;
			sourceTree = "<group>";
		};
/* End PBXGroup section */

/* Begin PBXNativeTarget section */
		D5DFBB4329CF25C1009088A9 /* SpaceX_petProject */ = {
			isa = PBXNativeTarget;
			buildConfigurationList = D5DFBB5829CF25C2009088A9 /* Build configuration list for PBXNativeTarget "SpaceX_petProject" */;
			buildPhases = (
				D5DFBB4029CF25C1009088A9 /* Sources */,
				D5DFBB4129CF25C1009088A9 /* Frameworks */,
				D5DFBB4229CF25C1009088A9 /* Resources */,
			);
			buildRules = (
			);
			dependencies = (
			);
			name = SpaceX_petProject;
			productName = SpaceX_petProject;
			productReference = D5DFBB4429CF25C1009088A9 /* SpaceX_petProject.app */;
			productType = "com.apple.product-type.application";
		};
/* End PBXNativeTarget section */

/* Begin PBXProject section */
		D5DFBB3C29CF25C1009088A9 /* Project object */ = {
			isa = PBXProject;
			attributes = {
				BuildIndependentTargetsInParallel = 1;
				LastSwiftUpdateCheck = 1410;
				LastUpgradeCheck = 1410;
				TargetAttributes = {
					D5DFBB4329CF25C1009088A9 = {
						CreatedOnToolsVersion = 14.1;
					};
				};
			};
			buildConfigurationList = D5DFBB3F29CF25C1009088A9 /* Build configuration list for PBXProject "SpaceX_petProject" */;
			compatibilityVersion = "Xcode 14.0";
			developmentRegion = en;
			hasScannedForEncodings = 0;
			knownRegions = (
				en,
				Base,
			);
			mainGroup = D5DFBB3B29CF25C1009088A9;
			productRefGroup = D5DFBB4529CF25C1009088A9 /* Products */;
			projectDirPath = "";
			projectRoot = "";
			targets = (
				D5DFBB4329CF25C1009088A9 /* SpaceX_petProject */,
			);
		};
/* End PBXProject section */

/* Begin PBXResourcesBuildPhase section */
		D5DFBB4229CF25C1009088A9 /* Resources */ = {
			isa = PBXResourcesBuildPhase;
			buildActionMask = 2147483647;
			files = (
				D5DFBB5429CF25C2009088A9 /* LaunchScreen.storyboard in Resources */,
				D5DFBB5129CF25C2009088A9 /* Assets.xcassets in Resources */,
				D5DFBB4F29CF25C1009088A9 /* Main.storyboard in Resources */,
			);
			runOnlyForDeploymentPostprocessing = 0;
		};
/* End PBXResourcesBuildPhase section */

/* Begin PBXSourcesBuildPhase section */
		D5DFBB4029CF25C1009088A9 /* Sources */ = {
			isa = PBXSourcesBuildPhase;
			buildActionMask = 2147483647;
			files = (
				D5DFBB6B29CF27C7009088A9 /* MainPageViewController.swift in Sources */,
				D5DFBB4829CF25C1009088A9 /* AppDelegate.swift in Sources */,
				D5DFBB6729CF273C009088A9 /* RocketNetWorkService.swift in Sources */,
				D5DFBB7529CF5580009088A9 /* SettingsViewController.swift in Sources */,
				D5DFBB4A29CF25C1009088A9 /* SceneDelegate.swift in Sources */,
				D5DFBB7129CF300E009088A9 /* SettingsRepository.swift in Sources */,
				D5DFBB7C29D1B28C009088A9 /* Reusable.swift in Sources */,
				D5DFBB7929CF601E009088A9 /* SettingTableViewCell.swift in Sources */,
				D5DFBB7329CF40CA009088A9 /* RocketViewController.swift in Sources */,
				D5DFBB7729CF5597009088A9 /* SettingsPresenter.swift in Sources */,
				D5DFBB6929CF2769009088A9 /* Setting.swift in Sources */,
				D5DFBB6F29CF2811009088A9 /* Launch.swift in Sources */,
				D5DFBB6329CF270D009088A9 /* Rocket.swift in Sources */,
			);
			runOnlyForDeploymentPostprocessing = 0;
		};
/* End PBXSourcesBuildPhase section */

/* Begin PBXVariantGroup section */
		D5DFBB4D29CF25C1009088A9 /* Main.storyboard */ = {
			isa = PBXVariantGroup;
			children = (
				D5DFBB4E29CF25C1009088A9 /* Base */,
			);
			name = Main.storyboard;
			sourceTree = "<group>";
		};
		D5DFBB5229CF25C2009088A9 /* LaunchScreen.storyboard */ = {
			isa = PBXVariantGroup;
			children = (
				D5DFBB5329CF25C2009088A9 /* Base */,
			);
			name = LaunchScreen.storyboard;
			sourceTree = "<group>";
		};
/* End PBXVariantGroup section */

/* Begin XCBuildConfiguration section */
		D5DFBB5629CF25C2009088A9 /* Debug */ = {
			isa = XCBuildConfiguration;
			buildSettings = {
				ALWAYS_SEARCH_USER_PATHS = NO;
				CLANG_ANALYZER_NONNULL = YES;
				CLANG_ANALYZER_NUMBER_OBJECT_CONVERSION = YES_AGGRESSIVE;
				CLANG_CXX_LANGUAGE_STANDARD = "gnu++20";
				CLANG_ENABLE_MODULES = YES;
				CLANG_ENABLE_OBJC_ARC = YES;
				CLANG_ENABLE_OBJC_WEAK = YES;
				CLANG_WARN_BLOCK_CAPTURE_AUTORELEASING = YES;
				CLANG_WARN_BOOL_CONVERSION = YES;
				CLANG_WARN_COMMA = YES;
				CLANG_WARN_CONSTANT_CONVERSION = YES;
				CLANG_WARN_DEPRECATED_OBJC_IMPLEMENTATIONS = YES;
				CLANG_WARN_DIRECT_OBJC_ISA_USAGE = YES_ERROR;
				CLANG_WARN_DOCUMENTATION_COMMENTS = YES;
				CLANG_WARN_EMPTY_BODY = YES;
				CLANG_WARN_ENUM_CONVERSION = YES;
				CLANG_WARN_INFINITE_RECURSION = YES;
				CLANG_WARN_INT_CONVERSION = YES;
				CLANG_WARN_NON_LITERAL_NULL_CONVERSION = YES;
				CLANG_WARN_OBJC_IMPLICIT_RETAIN_SELF = YES;
				CLANG_WARN_OBJC_LITERAL_CONVERSION = YES;
				CLANG_WARN_OBJC_ROOT_CLASS = YES_ERROR;
				CLANG_WARN_QUOTED_INCLUDE_IN_FRAMEWORK_HEADER = YES;
				CLANG_WARN_RANGE_LOOP_ANALYSIS = YES;
				CLANG_WARN_STRICT_PROTOTYPES = YES;
				CLANG_WARN_SUSPICIOUS_MOVE = YES;
				CLANG_WARN_UNGUARDED_AVAILABILITY = YES_AGGRESSIVE;
				CLANG_WARN_UNREACHABLE_CODE = YES;
				CLANG_WARN__DUPLICATE_METHOD_MATCH = YES;
				COPY_PHASE_STRIP = NO;
				DEBUG_INFORMATION_FORMAT = dwarf;
				ENABLE_STRICT_OBJC_MSGSEND = YES;
				ENABLE_TESTABILITY = YES;
				GCC_C_LANGUAGE_STANDARD = gnu11;
				GCC_DYNAMIC_NO_PIC = NO;
				GCC_NO_COMMON_BLOCKS = YES;
				GCC_OPTIMIZATION_LEVEL = 0;
				GCC_PREPROCESSOR_DEFINITIONS = (
					"DEBUG=1",
					"$(inherited)",
				);
				GCC_WARN_64_TO_32_BIT_CONVERSION = YES;
				GCC_WARN_ABOUT_RETURN_TYPE = YES_ERROR;
				GCC_WARN_UNDECLARED_SELECTOR = YES;
				GCC_WARN_UNINITIALIZED_AUTOS = YES_AGGRESSIVE;
				GCC_WARN_UNUSED_FUNCTION = YES;
				GCC_WARN_UNUSED_VARIABLE = YES;
				IPHONEOS_DEPLOYMENT_TARGET = 16.1;
				MTL_ENABLE_DEBUG_INFO = INCLUDE_SOURCE;
				MTL_FAST_MATH = YES;
				ONLY_ACTIVE_ARCH = YES;
				SDKROOT = iphoneos;
				SWIFT_ACTIVE_COMPILATION_CONDITIONS = DEBUG;
				SWIFT_OPTIMIZATION_LEVEL = "-Onone";
			};
			name = Debug;
		};
		D5DFBB5729CF25C2009088A9 /* Release */ = {
			isa = XCBuildConfiguration;
			buildSettings = {
				ALWAYS_SEARCH_USER_PATHS = NO;
				CLANG_ANALYZER_NONNULL = YES;
				CLANG_ANALYZER_NUMBER_OBJECT_CONVERSION = YES_AGGRESSIVE;
				CLANG_CXX_LANGUAGE_STANDARD = "gnu++20";
				CLANG_ENABLE_MODULES = YES;
				CLANG_ENABLE_OBJC_ARC = YES;
				CLANG_ENABLE_OBJC_WEAK = YES;
				CLANG_WARN_BLOCK_CAPTURE_AUTORELEASING = YES;
				CLANG_WARN_BOOL_CONVERSION = YES;
				CLANG_WARN_COMMA = YES;
				CLANG_WARN_CONSTANT_CONVERSION = YES;
				CLANG_WARN_DEPRECATED_OBJC_IMPLEMENTATIONS = YES;
				CLANG_WARN_DIRECT_OBJC_ISA_USAGE = YES_ERROR;
				CLANG_WARN_DOCUMENTATION_COMMENTS = YES;
				CLANG_WARN_EMPTY_BODY = YES;
				CLANG_WARN_ENUM_CONVERSION = YES;
				CLANG_WARN_INFINITE_RECURSION = YES;
				CLANG_WARN_INT_CONVERSION = YES;
				CLANG_WARN_NON_LITERAL_NULL_CONVERSION = YES;
				CLANG_WARN_OBJC_IMPLICIT_RETAIN_SELF = YES;
				CLANG_WARN_OBJC_LITERAL_CONVERSION = YES;
				CLANG_WARN_OBJC_ROOT_CLASS = YES_ERROR;
				CLANG_WARN_QUOTED_INCLUDE_IN_FRAMEWORK_HEADER = YES;
				CLANG_WARN_RANGE_LOOP_ANALYSIS = YES;
				CLANG_WARN_STRICT_PROTOTYPES = YES;
				CLANG_WARN_SUSPICIOUS_MOVE = YES;
				CLANG_WARN_UNGUARDED_AVAILABILITY = YES_AGGRESSIVE;
				CLANG_WARN_UNREACHABLE_CODE = YES;
				CLANG_WARN__DUPLICATE_METHOD_MATCH = YES;
				COPY_PHASE_STRIP = NO;
				DEBUG_INFORMATION_FORMAT = "dwarf-with-dsym";
				ENABLE_NS_ASSERTIONS = NO;
				ENABLE_STRICT_OBJC_MSGSEND = YES;
				GCC_C_LANGUAGE_STANDARD = gnu11;
				GCC_NO_COMMON_BLOCKS = YES;
				GCC_WARN_64_TO_32_BIT_CONVERSION = YES;
				GCC_WARN_ABOUT_RETURN_TYPE = YES_ERROR;
				GCC_WARN_UNDECLARED_SELECTOR = YES;
				GCC_WARN_UNINITIALIZED_AUTOS = YES_AGGRESSIVE;
				GCC_WARN_UNUSED_FUNCTION = YES;
				GCC_WARN_UNUSED_VARIABLE = YES;
				IPHONEOS_DEPLOYMENT_TARGET = 16.1;
				MTL_ENABLE_DEBUG_INFO = NO;
				MTL_FAST_MATH = YES;
				SDKROOT = iphoneos;
				SWIFT_COMPILATION_MODE = wholemodule;
				SWIFT_OPTIMIZATION_LEVEL = "-O";
				VALIDATE_PRODUCT = YES;
			};
			name = Release;
		};
		D5DFBB5929CF25C2009088A9 /* Debug */ = {
			isa = XCBuildConfiguration;
			buildSettings = {
				ASSETCATALOG_COMPILER_APPICON_NAME = AppIcon;
				ASSETCATALOG_COMPILER_GLOBAL_ACCENT_COLOR_NAME = AccentColor;
				CODE_SIGN_STYLE = Automatic;
				CURRENT_PROJECT_VERSION = 1;
				GENERATE_INFOPLIST_FILE = YES;
				INFOPLIST_FILE = SpaceX_petProject/Info.plist;
				INFOPLIST_KEY_UIApplicationSupportsIndirectInputEvents = YES;
				INFOPLIST_KEY_UILaunchStoryboardName = LaunchScreen;
				INFOPLIST_KEY_UIMainStoryboardFile = Main;
				INFOPLIST_KEY_UISupportedInterfaceOrientations_iPad = "UIInterfaceOrientationPortrait UIInterfaceOrientationPortraitUpsideDown UIInterfaceOrientationLandscapeLeft UIInterfaceOrientationLandscapeRight";
				INFOPLIST_KEY_UISupportedInterfaceOrientations_iPhone = "UIInterfaceOrientationPortrait UIInterfaceOrientationLandscapeLeft UIInterfaceOrientationLandscapeRight";
				LD_RUNPATH_SEARCH_PATHS = (
					"$(inherited)",
					"@executable_path/Frameworks",
				);
				MARKETING_VERSION = 1.0;
				PRODUCT_BUNDLE_IDENTIFIER = "Nikolay-Skorobogat-ko.SpaceX-petProject";
				PRODUCT_NAME = "$(TARGET_NAME)";
				SWIFT_EMIT_LOC_STRINGS = YES;
				SWIFT_VERSION = 5.0;
				TARGETED_DEVICE_FAMILY = "1,2";
			};
			name = Debug;
		};
		D5DFBB5A29CF25C2009088A9 /* Release */ = {
			isa = XCBuildConfiguration;
			buildSettings = {
				ASSETCATALOG_COMPILER_APPICON_NAME = AppIcon;
				ASSETCATALOG_COMPILER_GLOBAL_ACCENT_COLOR_NAME = AccentColor;
				CODE_SIGN_STYLE = Automatic;
				CURRENT_PROJECT_VERSION = 1;
				GENERATE_INFOPLIST_FILE = YES;
				INFOPLIST_FILE = SpaceX_petProject/Info.plist;
				INFOPLIST_KEY_UIApplicationSupportsIndirectInputEvents = YES;
				INFOPLIST_KEY_UILaunchStoryboardName = LaunchScreen;
				INFOPLIST_KEY_UIMainStoryboardFile = Main;
				INFOPLIST_KEY_UISupportedInterfaceOrientations_iPad = "UIInterfaceOrientationPortrait UIInterfaceOrientationPortraitUpsideDown UIInterfaceOrientationLandscapeLeft UIInterfaceOrientationLandscapeRight";
				INFOPLIST_KEY_UISupportedInterfaceOrientations_iPhone = "UIInterfaceOrientationPortrait UIInterfaceOrientationLandscapeLeft UIInterfaceOrientationLandscapeRight";
				LD_RUNPATH_SEARCH_PATHS = (
					"$(inherited)",
					"@executable_path/Frameworks",
				);
				MARKETING_VERSION = 1.0;
				PRODUCT_BUNDLE_IDENTIFIER = "Nikolay-Skorobogat-ko.SpaceX-petProject";
				PRODUCT_NAME = "$(TARGET_NAME)";
				SWIFT_EMIT_LOC_STRINGS = YES;
				SWIFT_VERSION = 5.0;
				TARGETED_DEVICE_FAMILY = "1,2";
			};
			name = Release;
		};
/* End XCBuildConfiguration section */

/* Begin XCConfigurationList section */
		D5DFBB3F29CF25C1009088A9 /* Build configuration list for PBXProject "SpaceX_petProject" */ = {
			isa = XCConfigurationList;
			buildConfigurations = (
				D5DFBB5629CF25C2009088A9 /* Debug */,
				D5DFBB5729CF25C2009088A9 /* Release */,
			);
			defaultConfigurationIsVisible = 0;
			defaultConfigurationName = Release;
		};
		D5DFBB5829CF25C2009088A9 /* Build configuration list for PBXNativeTarget "SpaceX_petProject" */ = {
			isa = XCConfigurationList;
			buildConfigurations = (
				D5DFBB5929CF25C2009088A9 /* Debug */,
				D5DFBB5A29CF25C2009088A9 /* Release */,
			);
			defaultConfigurationIsVisible = 0;
			defaultConfigurationName = Release;
		};
/* End XCConfigurationList section */
	};
	rootObject = D5DFBB3C29CF25C1009088A9 /* Project object */;
}
